
Microsoft Visual Studio Solution File, Format Version 12.00
# Visual Studio Version 17
VisualStudioVersion = 17.4.33213.308
MinimumVisualStudioVersion = 10.0.40219.1
Project("{FAE04EC0-301F-11D3-BF4B-00C04F79EFBC}") = "Aula08estoque", "Aula08estoque\Aula08estoque.csproj", "{394363DF-8B76-4F3E-B710-D6B090179376}"
EndProject
Global
	GlobalSection(SolutionConfigurationPlatforms) = preSolution
		Debug|Any CPU = Debug|Any CPU
		Release|Any CPU = Release|Any CPU
	EndGlobalSection
	GlobalSection(ProjectConfigurationPlatforms) = postSolution
		{394363DF-8B76-4F3E-B710-D6B090179376}.Debug|Any CPU.ActiveCfg = Debug|Any CPU
		{394363DF-8B76-4F3E-B710-D6B090179376}.Debug|Any CPU.Build.0 = Debug|Any CPU
		{394363DF-8B76-4F3E-B710-D6B090179376}.Release|Any CPU.ActiveCfg = Release|Any CPU
		{394363DF-8B76-4F3E-B710-D6B090179376}.Release|Any CPU.Build.0 = Release|Any CPU
	EndGlobalSection
	GlobalSection(SolutionProperties) = preSolution
		HideSolutionNode = FALSE
	EndGlobalSection
	GlobalSection(ExtensibilityGlobals) = postSolution
		SolutionGuid = {DF2130C5-C0D6-4961-8CF0-6301DC1647D0}
	EndGlobalSection
EndGlobal
