
Microsoft Visual Studio Solution File, Format Version 12.00
# Visual Studio Version 17
VisualStudioVersion = 17.4.33213.308
MinimumVisualStudioVersion = 10.0.40219.1
Project("{FAE04EC0-301F-11D3-BF4B-00C04F79EFBC}") = "Aula12Classes", "Aula12Classes\Aula12Classes.csproj", "{FEFB2E46-BADD-454F-AC85-BDF9DD10AECA}"
EndProject
Global
	GlobalSection(SolutionConfigurationPlatforms) = preSolution
		Debug|Any CPU = Debug|Any CPU
		Release|Any CPU = Release|Any CPU
	EndGlobalSection
	GlobalSection(ProjectConfigurationPlatforms) = postSolution
		{FEFB2E46-BADD-454F-AC85-BDF9DD10AECA}.Debug|Any CPU.ActiveCfg = Debug|Any CPU
		{FEFB2E46-BADD-454F-AC85-BDF9DD10AECA}.Debug|Any CPU.Build.0 = Debug|Any CPU
		{FEFB2E46-BADD-454F-AC85-BDF9DD10AECA}.Release|Any CPU.ActiveCfg = Release|Any CPU
		{FEFB2E46-BADD-454F-AC85-BDF9DD10AECA}.Release|Any CPU.Build.0 = Release|Any CPU
	EndGlobalSection
	GlobalSection(SolutionProperties) = preSolution
		HideSolutionNode = FALSE
	EndGlobalSection
	GlobalSection(ExtensibilityGlobals) = postSolution
		SolutionGuid = {FFF22E9B-5C3B-4CAE-BC42-50595F1608DF}
	EndGlobalSection
EndGlobal
