
Microsoft Visual Studio Solution File, Format Version 12.00
# Visual Studio Version 17
VisualStudioVersion = 17.4.33213.308
MinimumVisualStudioVersion = 10.0.40219.1
Project("{FAE04EC0-301F-11D3-BF4B-00C04F79EFBC}") = "AULA10", "AULA10\AULA10.csproj", "{BDD6FAC7-F42C-408D-8618-5ADEA3A1E40A}"
EndProject
Global
	GlobalSection(SolutionConfigurationPlatforms) = preSolution
		Debug|Any CPU = Debug|Any CPU
		Release|Any CPU = Release|Any CPU
	EndGlobalSection
	GlobalSection(ProjectConfigurationPlatforms) = postSolution
		{BDD6FAC7-F42C-408D-8618-5ADEA3A1E40A}.Debug|Any CPU.ActiveCfg = Debug|Any CPU
		{BDD6FAC7-F42C-408D-8618-5ADEA3A1E40A}.Debug|Any CPU.Build.0 = Debug|Any CPU
		{BDD6FAC7-F42C-408D-8618-5ADEA3A1E40A}.Release|Any CPU.ActiveCfg = Release|Any CPU
		{BDD6FAC7-F42C-408D-8618-5ADEA3A1E40A}.Release|Any CPU.Build.0 = Release|Any CPU
	EndGlobalSection
	GlobalSection(SolutionProperties) = preSolution
		HideSolutionNode = FALSE
	EndGlobalSection
	GlobalSection(ExtensibilityGlobals) = postSolution
		SolutionGuid = {6E8C6CC1-3D4D-45FF-B334-212097190F6E}
	EndGlobalSection
EndGlobal
