
Microsoft Visual Studio Solution File, Format Version 12.00
# Visual Studio Version 16
VisualStudioVersion = 16.0.33214.272
MinimumVisualStudioVersion = 10.0.40219.1
Project("{FAE04EC0-301F-11D3-BF4B-00C04F79EFBC}") = "Aula07Funcoes", "Aula07Funcoes\Aula07Funcoes.csproj", "{DDD0CED1-C8D2-4A0C-A735-6292FFB24C41}"
EndProject
Global
	GlobalSection(SolutionConfigurationPlatforms) = preSolution
		Debug|Any CPU = Debug|Any CPU
		Release|Any CPU = Release|Any CPU
	EndGlobalSection
	GlobalSection(ProjectConfigurationPlatforms) = postSolution
		{DDD0CED1-C8D2-4A0C-A735-6292FFB24C41}.Debug|Any CPU.ActiveCfg = Debug|Any CPU
		{DDD0CED1-C8D2-4A0C-A735-6292FFB24C41}.Debug|Any CPU.Build.0 = Debug|Any CPU
		{DDD0CED1-C8D2-4A0C-A735-6292FFB24C41}.Release|Any CPU.ActiveCfg = Release|Any CPU
		{DDD0CED1-C8D2-4A0C-A735-6292FFB24C41}.Release|Any CPU.Build.0 = Release|Any CPU
	EndGlobalSection
	GlobalSection(SolutionProperties) = preSolution
		HideSolutionNode = FALSE
	EndGlobalSection
	GlobalSection(ExtensibilityGlobals) = postSolution
		SolutionGuid = {E707C9DF-3C09-4086-BA60-C8909849968E}
	EndGlobalSection
EndGlobal
