
Microsoft Visual Studio Solution File, Format Version 12.00
# Visual Studio Version 17
VisualStudioVersion = 17.6.33829.357
MinimumVisualStudioVersion = 10.0.40219.1
Project("{FAE04EC0-301F-11D3-BF4B-00C04F79EFBC}") = "Estacionamento de veículos", "Estacionamento de veículos\Estacionamento de veículos.csproj", "{C83F6155-6D7D-443E-9196-855F163955F4}"
EndProject
Global
	GlobalSection(SolutionConfigurationPlatforms) = preSolution
		Debug|Any CPU = Debug|Any CPU
		Release|Any CPU = Release|Any CPU
	EndGlobalSection
	GlobalSection(ProjectConfigurationPlatforms) = postSolution
		{C83F6155-6D7D-443E-9196-855F163955F4}.Debug|Any CPU.ActiveCfg = Debug|Any CPU
		{C83F6155-6D7D-443E-9196-855F163955F4}.Debug|Any CPU.Build.0 = Debug|Any CPU
		{C83F6155-6D7D-443E-9196-855F163955F4}.Release|Any CPU.ActiveCfg = Release|Any CPU
		{C83F6155-6D7D-443E-9196-855F163955F4}.Release|Any CPU.Build.0 = Release|Any CPU
	EndGlobalSection
	GlobalSection(SolutionProperties) = preSolution
		HideSolutionNode = FALSE
	EndGlobalSection
	GlobalSection(ExtensibilityGlobals) = postSolution
		SolutionGuid = {08981275-8937-460E-80A4-3FCBA7C7C092}
	EndGlobalSection
EndGlobal
